// !$*UTF8*$!
{
	archiveVersion = 1;
	classes = {
	};
	objectVersion = 56;
	objects = {

/* Begin PBXBuildFile section */
		536D3D542C8997C700A34537 /* AppDelegate.swift in Sources */ = {isa = PBXBuildFile; fileRef = 536D3D532C8997C700A34537 /* AppDelegate.swift */; };
		536D3D562C8997C700A34537 /* SceneDelegate.swift in Sources */ = {isa = PBXBuildFile; fileRef = 536D3D552C8997C700A34537 /* SceneDelegate.swift */; };
		536D3D582C8997C700A34537 /* ViewController.swift in Sources */ = {isa = PBXBuildFile; fileRef = 536D3D572C8997C700A34537 /* ViewController.swift */; };
		536D3D5B2C8997C700A34537 /* Base in Resources */ = {isa = PBXBuildFile; fileRef = 536D3D5A2C8997C700A34537 /* Base */; };
		536D3D5D2C8997C800A34537 /* Assets.xcassets in Resources */ = {isa = PBXBuildFile; fileRef = 536D3D5C2C8997C800A34537 /* Assets.xcassets */; };
		536D3D602C8997C800A34537 /* Base in Resources */ = {isa = PBXBuildFile; fileRef = 536D3D5F2C8997C800A34537 /* Base */; };
		536D3D6B2C8997C800A34537 /* PersonalityQuizTests.swift in Sources */ = {isa = PBXBuildFile; fileRef = 536D3D6A2C8997C800A34537 /* PersonalityQuizTests.swift */; };
		536D3D752C8997C800A34537 /* PersonalityQuizUITests.swift in Sources */ = {isa = PBXBuildFile; fileRef = 536D3D742C8997C800A34537 /* PersonalityQuizUITests.swift */; };
		536D3D772C8997C800A34537 /* PersonalityQuizUITestsLaunchTests.swift in Sources */ = {isa = PBXBuildFile; fileRef = 536D3D762C8997C800A34537 /* PersonalityQuizUITestsLaunchTests.swift */; };
		53D09B912CDBD61B00C2F624 /* Question.swift in Sources */ = {isa = PBXBuildFile; fileRef = 53D09B902CDBD61B00C2F624 /* Question.swift */; };
		53E3EFDC2CCB7B3D007A4FF0 /* QuestionViewController.swift in Sources */ = {isa = PBXBuildFile; fileRef = 53E3EFDB2CCB7B3D007A4FF0 /* QuestionViewController.swift */; };
		53E3EFDE2CCB7B5B007A4FF0 /* ResultsViewController.swift in Sources */ = {isa = PBXBuildFile; fileRef = 53E3EFDD2CCB7B5B007A4FF0 /* ResultsViewController.swift */; };
/* End PBXBuildFile section */

/* Begin PBXContainerItemProxy section */
		536D3D672C8997C800A34537 /* PBXContainerItemProxy */ = {
			isa = PBXContainerItemProxy;
			containerPortal = 536D3D482C8997C700A34537 /* Project object */;
			proxyType = 1;
			remoteGlobalIDString = 536D3D4F2C8997C700A34537;
			remoteInfo = PersonalityQuiz;
		};
		536D3D712C8997C800A34537 /* PBXContainerItemProxy */ = {
			isa = PBXContainerItemProxy;
			containerPortal = 536D3D482C8997C700A34537 /* Project object */;
			proxyType = 1;
			remoteGlobalIDString = 536D3D4F2C8997C700A34537;
			remoteInfo = PersonalityQuiz;
		};
/* End PBXContainerItemProxy section */

/* Begin PBXFileReference section */
		536D3D502C8997C700A34537 /* PersonalityQuiz.app */ = {isa = PBXFileReference; explicitFileType = wrapper.application; includeInIndex = 0; path = PersonalityQuiz.app; sourceTree = BUILT_PRODUCTS_DIR; };
		536D3D532C8997C700A34537 /* AppDelegate.swift */ = {isa = PBXFileReference; lastKnownFileType = sourcecode.swift; path = AppDelegate.swift; sourceTree = "<group>"; };
		536D3D552C8997C700A34537 /* SceneDelegate.swift */ = {isa = PBXFileReference; lastKnownFileType = sourcecode.swift; path = SceneDelegate.swift; sourceTree = "<group>"; };
		536D3D572C8997C700A34537 /* ViewController.swift */ = {isa = PBXFileReference; lastKnownFileType = sourcecode.swift; path = ViewController.swift; sourceTree = "<group>"; };
		536D3D5A2C8997C700A34537 /* Base */ = {isa = PBXFileReference; lastKnownFileType = file.storyboard; name = Base; path = Base.lproj/Main.storyboard; sourceTree = "<group>"; };
		536D3D5C2C8997C800A34537 /* Assets.xcassets */ = {isa = PBXFileReference; lastKnownFileType = folder.assetcatalog; path = Assets.xcassets; sourceTree = "<group>"; };
		536D3D5F2C8997C800A34537 /* Base */ = {isa = PBXFileReference; lastKnownFileType = file.storyboard; name = Base; path = Base.lproj/LaunchScreen.storyboard; sourceTree = "<group>"; };
		536D3D612C8997C800A34537 /* Info.plist */ = {isa = PBXFileReference; lastKnownFileType = text.plist.xml; path = Info.plist; sourceTree = "<group>"; };
		536D3D662C8997C800A34537 /* PersonalityQuizTests.xctest */ = {isa = PBXFileReference; explicitFileType = wrapper.cfbundle; includeInIndex = 0; path = PersonalityQuizTests.xctest; sourceTree = BUILT_PRODUCTS_DIR; };
		536D3D6A2C8997C800A34537 /* PersonalityQuizTests.swift */ = {isa = PBXFileReference; lastKnownFileType = sourcecode.swift; path = PersonalityQuizTests.swift; sourceTree = "<group>"; };
		536D3D702C8997C800A34537 /* PersonalityQuizUITests.xctest */ = {isa = PBXFileReference; explicitFileType = wrapper.cfbundle; includeInIndex = 0; path = PersonalityQuizUITests.xctest; sourceTree = BUILT_PRODUCTS_DIR; };
		536D3D742C8997C800A34537 /* PersonalityQuizUITests.swift */ = {isa = PBXFileReference; lastKnownFileType = sourcecode.swift; path = PersonalityQuizUITests.swift; sourceTree = "<group>"; };
		536D3D762C8997C800A34537 /* PersonalityQuizUITestsLaunchTests.swift */ = {isa = PBXFileReference; lastKnownFileType = sourcecode.swift; path = PersonalityQuizUITestsLaunchTests.swift; sourceTree = "<group>"; };
		53D09B902CDBD61B00C2F624 /* Question.swift */ = {isa = PBXFileReference; lastKnownFileType = sourcecode.swift; path = Question.swift; sourceTree = "<group>"; };
		53E3EFDB2CCB7B3D007A4FF0 /* QuestionViewController.swift */ = {isa = PBXFileReference; lastKnownFileType = sourcecode.swift; path = QuestionViewController.swift; sourceTree = "<group>"; };
		53E3EFDD2CCB7B5B007A4FF0 /* ResultsViewController.swift */ = {isa = PBXFileReference; lastKnownFileType = sourcecode.swift; path = ResultsViewController.swift; sourceTree = "<group>"; };
/* End PBXFileReference section */

/* Begin PBXFrameworksBuildPhase section */
		536D3D4D2C8997C700A34537 /* Frameworks */ = {
			isa = PBXFrameworksBuildPhase;
			buildActionMask = 2147483647;
			files = (
			);
			runOnlyForDeploymentPostprocessing = 0;
		};
		536D3D632C8997C800A34537 /* Frameworks */ = {
			isa = PBXFrameworksBuildPhase;
			buildActionMask = 2147483647;
			files = (
			);
			runOnlyForDeploymentPostprocessing = 0;
		};
		536D3D6D2C8997C800A34537 /* Frameworks */ = {
			isa = PBXFrameworksBuildPhase;
			buildActionMask = 2147483647;
			files = (
			);
			runOnlyForDeploymentPostprocessing = 0;
		};
/* End PBXFrameworksBuildPhase section */

/* Begin PBXGroup section */
		536D3D472C8997C700A34537 = {
			isa = PBXGroup;
			children = (
				536D3D522C8997C700A34537 /* PersonalityQuiz */,
				536D3D692C8997C800A34537 /* PersonalityQuizTests */,
				536D3D732C8997C800A34537 /* PersonalityQuizUITests */,
				536D3D512C8997C700A34537 /* Products */,
			);
			sourceTree = "<group>";
		};
		536D3D512C8997C700A34537 /* Products */ = {
			isa = PBXGroup;
			children = (
				536D3D502C8997C700A34537 /* PersonalityQuiz.app */,
				536D3D662C8997C800A34537 /* PersonalityQuizTests.xctest */,
				536D3D702C8997C800A34537 /* PersonalityQuizUITests.xctest */,
			);
			name = Products;
			sourceTree = "<group>";
		};
		536D3D522C8997C700A34537 /* PersonalityQuiz */ = {
			isa = PBXGroup;
			children = (
				536D3D532C8997C700A34537 /* AppDelegate.swift */,
				536D3D552C8997C700A34537 /* SceneDelegate.swift */,
				536D3D572C8997C700A34537 /* ViewController.swift */,
				536D3D592C8997C700A34537 /* Main.storyboard */,
				536D3D5C2C8997C800A34537 /* Assets.xcassets */,
				536D3D5E2C8997C800A34537 /* LaunchScreen.storyboard */,
				536D3D612C8997C800A34537 /* Info.plist */,
				53E3EFDB2CCB7B3D007A4FF0 /* QuestionViewController.swift */,
				53E3EFDD2CCB7B5B007A4FF0 /* ResultsViewController.swift */,
				53D09B902CDBD61B00C2F624 /* Question.swift */,
			);
			path = PersonalityQuiz;
			sourceTree = "<group>";
		};
		536D3D692C8997C800A34537 /* PersonalityQuizTests */ = {
			isa = PBXGroup;
			children = (
				536D3D6A2C8997C800A34537 /* PersonalityQuizTests.swift */,
			);
			path = PersonalityQuizTests;
			sourceTree = "<group>";
		};
		536D3D732C8997C800A34537 /* PersonalityQuizUITests */ = {
			isa = PBXGroup;
			children = (
				536D3D742C8997C800A34537 /* PersonalityQuizUITests.swift */,
				536D3D762C8997C800A34537 /* PersonalityQuizUITestsLaunchTests.swift */,
			);
			path = PersonalityQuizUITests;
			sourceTree = "<group>";
		};
/* End PBXGroup section */

/* Begin PBXNativeTarget section */
		536D3D4F2C8997C700A34537 /* PersonalityQuiz */ = {
			isa = PBXNativeTarget;
			buildConfigurationList = 536D3D7A2C8997C800A34537 /* Build configuration list for PBXNativeTarget "PersonalityQuiz" */;
			buildPhases = (
				536D3D4C2C8997C700A34537 /* Sources */,
				536D3D4D2C8997C700A34537 /* Frameworks */,
				536D3D4E2C8997C700A34537 /* Resources */,
			);
			buildRules = (
			);
			dependencies = (
			);
			name = PersonalityQuiz;
			productName = PersonalityQuiz;
			productReference = 536D3D502C8997C700A34537 /* PersonalityQuiz.app */;
			productType = "com.apple.product-type.application";
		};
		536D3D652C8997C800A34537 /* PersonalityQuizTests */ = {
			isa = PBXNativeTarget;
			buildConfigurationList = 536D3D7D2C8997C800A34537 /* Build configuration list for PBXNativeTarget "PersonalityQuizTests" */;
			buildPhases = (
				536D3D622C8997C800A34537 /* Sources */,
				536D3D632C8997C800A34537 /* Frameworks */,
				536D3D642C8997C800A34537 /* Resources */,
			);
			buildRules = (
			);
			dependencies = (
				536D3D682C8997C800A34537 /* PBXTargetDependency */,
			);
			name = PersonalityQuizTests;
			productName = PersonalityQuizTests;
			productReference = 536D3D662C8997C800A34537 /* PersonalityQuizTests.xctest */;
			productType = "com.apple.product-type.bundle.unit-test";
		};
		536D3D6F2C8997C800A34537 /* PersonalityQuizUITests */ = {
			isa = PBXNativeTarget;
			buildConfigurationList = 536D3D802C8997C800A34537 /* Build configuration list for PBXNativeTarget "PersonalityQuizUITests" */;
			buildPhases = (
				536D3D6C2C8997C800A34537 /* Sources */,
				536D3D6D2C8997C800A34537 /* Frameworks */,
				536D3D6E2C8997C800A34537 /* Resources */,
			);
			buildRules = (
			);
			dependencies = (
				536D3D722C8997C800A34537 /* PBXTargetDependency */,
			);
			name = PersonalityQuizUITests;
			productName = PersonalityQuizUITests;
			productReference = 536D3D702C8997C800A34537 /* PersonalityQuizUITests.xctest */;
			productType = "com.apple.product-type.bundle.ui-testing";
		};
/* End PBXNativeTarget section */

/* Begin PBXProject section */
		536D3D482C8997C700A34537 /* Project object */ = {
			isa = PBXProject;
			attributes = {
				BuildIndependentTargetsInParallel = 1;
				LastSwiftUpdateCheck = 1540;
				LastUpgradeCheck = 1540;
				TargetAttributes = {
					536D3D4F2C8997C700A34537 = {
						CreatedOnToolsVersion = 15.4;
					};
					536D3D652C8997C800A34537 = {
						CreatedOnToolsVersion = 15.4;
						TestTargetID = 536D3D4F2C8997C700A34537;
					};
					536D3D6F2C8997C800A34537 = {
						CreatedOnToolsVersion = 15.4;
						TestTargetID = 536D3D4F2C8997C700A34537;
					};
				};
			};
			buildConfigurationList = 536D3D4B2C8997C700A34537 /* Build configuration list for PBXProject "PersonalityQuiz" */;
			compatibilityVersion = "Xcode 14.0";
			developmentRegion = en;
			hasScannedForEncodings = 0;
			knownRegions = (
				en,
				Base,
			);
			mainGroup = 536D3D472C8997C700A34537;
			productRefGroup = 536D3D512C8997C700A34537 /* Products */;
			projectDirPath = "";
			projectRoot = "";
			targets = (
				536D3D4F2C8997C700A34537 /* PersonalityQuiz */,
				536D3D652C8997C800A34537 /* PersonalityQuizTests */,
				536D3D6F2C8997C800A34537 /* PersonalityQuizUITests */,
			);
		};
/* End PBXProject section */

/* Begin PBXResourcesBuildPhase section */
		536D3D4E2C8997C700A34537 /* Resources */ = {
			isa = PBXResourcesBuildPhase;
			buildActionMask = 2147483647;
			files = (
				536D3D5D2C8997C800A34537 /* Assets.xcassets in Resources */,
				536D3D602C8997C800A34537 /* Base in Resources */,
				536D3D5B2C8997C700A34537 /* Base in Resources */,
			);
			runOnlyForDeploymentPostprocessing = 0;
		};
		536D3D642C8997C800A34537 /* Resources */ = {
			isa = PBXResourcesBuildPhase;
			buildActionMask = 2147483647;
			files = (
			);
			runOnlyForDeploymentPostprocessing = 0;
		};
		536D3D6E2C8997C800A34537 /* Resources */ = {
			isa = PBXResourcesBuildPhase;
			buildActionMask = 2147483647;
			files = (
			);
			runOnlyForDeploymentPostprocessing = 0;
		};
/* End PBXResourcesBuildPhase section */

/* Begin PBXSourcesBuildPhase section */
		536D3D4C2C8997C700A34537 /* Sources */ = {
			isa = PBXSourcesBuildPhase;
			buildActionMask = 2147483647;
			files = (
				536D3D582C8997C700A34537 /* ViewController.swift in Sources */,
				536D3D542C8997C700A34537 /* AppDelegate.swift in Sources */,
				53E3EFDC2CCB7B3D007A4FF0 /* QuestionViewController.swift in Sources */,
				53D09B912CDBD61B00C2F624 /* Question.swift in Sources */,
				53E3EFDE2CCB7B5B007A4FF0 /* ResultsViewController.swift in Sources */,
				536D3D562C8997C700A34537 /* SceneDelegate.swift in Sources */,
			);
			runOnlyForDeploymentPostprocessing = 0;
		};
		536D3D622C8997C800A34537 /* Sources */ = {
			isa = PBXSourcesBuildPhase;
			buildActionMask = 2147483647;
			files = (
				536D3D6B2C8997C800A34537 /* PersonalityQuizTests.swift in Sources */,
			);
			runOnlyForDeploymentPostprocessing = 0;
		};
		536D3D6C2C8997C800A34537 /* Sources */ = {
			isa = PBXSourcesBuildPhase;
			buildActionMask = 2147483647;
			files = (
				536D3D772C8997C800A34537 /* PersonalityQuizUITestsLaunchTests.swift in Sources */,
				536D3D752C8997C800A34537 /* PersonalityQuizUITests.swift in Sources */,
			);
			runOnlyForDeploymentPostprocessing = 0;
		};
/* End PBXSourcesBuildPhase section */

/* Begin PBXTargetDependency section */
		536D3D682C8997C800A34537 /* PBXTargetDependency */ = {
			isa = PBXTargetDependency;
			target = 536D3D4F2C8997C700A34537 /* PersonalityQuiz */;
			targetProxy = 536D3D672C8997C800A34537 /* PBXContainerItemProxy */;
		};
		536D3D722C8997C800A34537 /* PBXTargetDependency */ = {
			isa = PBXTargetDependency;
			target = 536D3D4F2C8997C700A34537 /* PersonalityQuiz */;
			targetProxy = 536D3D712C8997C800A34537 /* PBXContainerItemProxy */;
		};
/* End PBXTargetDependency section */

/* Begin PBXVariantGroup section */
		536D3D592C8997C700A34537 /* Main.storyboard */ = {
			isa = PBXVariantGroup;
			children = (
				536D3D5A2C8997C700A34537 /* Base */,
			);
			name = Main.storyboard;
			sourceTree = "<group>";
		};
		536D3D5E2C8997C800A34537 /* LaunchScreen.storyboard */ = {
			isa = PBXVariantGroup;
			children = (
				536D3D5F2C8997C800A34537 /* Base */,
			);
			name = LaunchScreen.storyboard;
			sourceTree = "<group>";
		};
/* End PBXVariantGroup section */

/* Begin XCBuildConfiguration section */
		536D3D782C8997C800A34537 /* Debug */ = {
			isa = XCBuildConfiguration;
			buildSettings = {
				ALWAYS_SEARCH_USER_PATHS = NO;
				ASSETCATALOG_COMPILER_GENERATE_SWIFT_ASSET_SYMBOL_EXTENSIONS = YES;
				CLANG_ANALYZER_NONNULL = YES;
				CLANG_ANALYZER_NUMBER_OBJECT_CONVERSION = YES_AGGRESSIVE;
				CLANG_CXX_LANGUAGE_STANDARD = "gnu++20";
				CLANG_ENABLE_MODULES = YES;
				CLANG_ENABLE_OBJC_ARC = YES;
				CLANG_ENABLE_OBJC_WEAK = YES;
				CLANG_WARN_BLOCK_CAPTURE_AUTORELEASING = YES;
				CLANG_WARN_BOOL_CONVERSION = YES;
				CLANG_WARN_COMMA = YES;
				CLANG_WARN_CONSTANT_CONVERSION = YES;
				CLANG_WARN_DEPRECATED_OBJC_IMPLEMENTATIONS = YES;
				CLANG_WARN_DIRECT_OBJC_ISA_USAGE = YES_ERROR;
				CLANG_WARN_DOCUMENTATION_COMMENTS = YES;
				CLANG_WARN_EMPTY_BODY = YES;
				CLANG_WARN_ENUM_CONVERSION = YES;
				CLANG_WARN_INFINITE_RECURSION = YES;
				CLANG_WARN_INT_CONVERSION = YES;
				CLANG_WARN_NON_LITERAL_NULL_CONVERSION = YES;
				CLANG_WARN_OBJC_IMPLICIT_RETAIN_SELF = YES;
				CLANG_WARN_OBJC_LITERAL_CONVERSION = YES;
				CLANG_WARN_OBJC_ROOT_CLASS = YES_ERROR;
				CLANG_WARN_QUOTED_INCLUDE_IN_FRAMEWORK_HEADER = YES;
				CLANG_WARN_RANGE_LOOP_ANALYSIS = YES;
				CLANG_WARN_STRICT_PROTOTYPES = YES;
				CLANG_WARN_SUSPICIOUS_MOVE = YES;
				CLANG_WARN_UNGUARDED_AVAILABILITY = YES_AGGRESSIVE;
				CLANG_WARN_UNREACHABLE_CODE = YES;
				CLANG_WARN__DUPLICATE_METHOD_MATCH = YES;
				COPY_PHASE_STRIP = NO;
				DEBUG_INFORMATION_FORMAT = dwarf;
				ENABLE_STRICT_OBJC_MSGSEND = YES;
				ENABLE_TESTABILITY = YES;
				ENABLE_USER_SCRIPT_SANDBOXING = YES;
				GCC_C_LANGUAGE_STANDARD = gnu17;
				GCC_DYNAMIC_NO_PIC = NO;
				GCC_NO_COMMON_BLOCKS = YES;
				GCC_OPTIMIZATION_LEVEL = 0;
				GCC_PREPROCESSOR_DEFINITIONS = (
					"DEBUG=1",
					"$(inherited)",
				);
				GCC_WARN_64_TO_32_BIT_CONVERSION = YES;
				GCC_WARN_ABOUT_RETURN_TYPE = YES_ERROR;
				GCC_WARN_UNDECLARED_SELECTOR = YES;
				GCC_WARN_UNINITIALIZED_AUTOS = YES_AGGRESSIVE;
				GCC_WARN_UNUSED_FUNCTION = YES;
				GCC_WARN_UNUSED_VARIABLE = YES;
				IPHONEOS_DEPLOYMENT_TARGET = 17.5;
				LOCALIZATION_PREFERS_STRING_CATALOGS = YES;
				MTL_ENABLE_DEBUG_INFO = INCLUDE_SOURCE;
				MTL_FAST_MATH = YES;
				ONLY_ACTIVE_ARCH = YES;
				SDKROOT = iphoneos;
				SWIFT_ACTIVE_COMPILATION_CONDITIONS = "DEBUG $(inherited)";
				SWIFT_OPTIMIZATION_LEVEL = "-Onone";
			};
			name = Debug;
		};
		536D3D792C8997C800A34537 /* Release */ = {
			isa = XCBuildConfiguration;
			buildSettings = {
				ALWAYS_SEARCH_USER_PATHS = NO;
				ASSETCATALOG_COMPILER_GENERATE_SWIFT_ASSET_SYMBOL_EXTENSIONS = YES;
				CLANG_ANALYZER_NONNULL = YES;
				CLANG_ANALYZER_NUMBER_OBJECT_CONVERSION = YES_AGGRESSIVE;
				CLANG_CXX_LANGUAGE_STANDARD = "gnu++20";
				CLANG_ENABLE_MODULES = YES;
				CLANG_ENABLE_OBJC_ARC = YES;
				CLANG_ENABLE_OBJC_WEAK = YES;
				CLANG_WARN_BLOCK_CAPTURE_AUTORELEASING = YES;
				CLANG_WARN_BOOL_CONVERSION = YES;
				CLANG_WARN_COMMA = YES;
				CLANG_WARN_CONSTANT_CONVERSION = YES;
				CLANG_WARN_DEPRECATED_OBJC_IMPLEMENTATIONS = YES;
				CLANG_WARN_DIRECT_OBJC_ISA_USAGE = YES_ERROR;
				CLANG_WARN_DOCUMENTATION_COMMENTS = YES;
				CLANG_WARN_EMPTY_BODY = YES;
				CLANG_WARN_ENUM_CONVERSION = YES;
				CLANG_WARN_INFINITE_RECURSION = YES;
				CLANG_WARN_INT_CONVERSION = YES;
				CLANG_WARN_NON_LITERAL_NULL_CONVERSION = YES;
				CLANG_WARN_OBJC_IMPLICIT_RETAIN_SELF = YES;
				CLANG_WARN_OBJC_LITERAL_CONVERSION = YES;
				CLANG_WARN_OBJC_ROOT_CLASS = YES_ERROR;
				CLANG_WARN_QUOTED_INCLUDE_IN_FRAMEWORK_HEADER = YES;
				CLANG_WARN_RANGE_LOOP_ANALYSIS = YES;
				CLANG_WARN_STRICT_PROTOTYPES = YES;
				CLANG_WARN_SUSPICIOUS_MOVE = YES;
				CLANG_WARN_UNGUARDED_AVAILABILITY = YES_AGGRESSIVE;
				CLANG_WARN_UNREACHABLE_CODE = YES;
				CLANG_WARN__DUPLICATE_METHOD_MATCH = YES;
				COPY_PHASE_STRIP = NO;
				DEBUG_INFORMATION_FORMAT = "dwarf-with-dsym";
				ENABLE_NS_ASSERTIONS = NO;
				ENABLE_STRICT_OBJC_MSGSEND = YES;
				ENABLE_USER_SCRIPT_SANDBOXING = YES;
				GCC_C_LANGUAGE_STANDARD = gnu17;
				GCC_NO_COMMON_BLOCKS = YES;
				GCC_WARN_64_TO_32_BIT_CONVERSION = YES;
				GCC_WARN_ABOUT_RETURN_TYPE = YES_ERROR;
				GCC_WARN_UNDECLARED_SELECTOR = YES;
				GCC_WARN_UNINITIALIZED_AUTOS = YES_AGGRESSIVE;
				GCC_WARN_UNUSED_FUNCTION = YES;
				GCC_WARN_UNUSED_VARIABLE = YES;
				IPHONEOS_DEPLOYMENT_TARGET = 17.5;
				LOCALIZATION_PREFERS_STRING_CATALOGS = YES;
				MTL_ENABLE_DEBUG_INFO = NO;
				MTL_FAST_MATH = YES;
				SDKROOT = iphoneos;
				SWIFT_COMPILATION_MODE = wholemodule;
				VALIDATE_PRODUCT = YES;
			};
			name = Release;
		};
		536D3D7B2C8997C800A34537 /* Debug */ = {
			isa = XCBuildConfiguration;
			buildSettings = {
				ASSETCATALOG_COMPILER_APPICON_NAME = AppIcon;
				ASSETCATALOG_COMPILER_GLOBAL_ACCENT_COLOR_NAME = AccentColor;
				CODE_SIGN_STYLE = Automatic;
				CURRENT_PROJECT_VERSION = 1;
				GENERATE_INFOPLIST_FILE = YES;
				INFOPLIST_FILE = PersonalityQuiz/Info.plist;
				INFOPLIST_KEY_UIApplicationSupportsIndirectInputEvents = YES;
				INFOPLIST_KEY_UILaunchStoryboardName = LaunchScreen;
				INFOPLIST_KEY_UIMainStoryboardFile = Main;
				INFOPLIST_KEY_UISupportedInterfaceOrientations_iPad = "UIInterfaceOrientationPortrait UIInterfaceOrientationPortraitUpsideDown UIInterfaceOrientationLandscapeLeft UIInterfaceOrientationLandscapeRight";
				INFOPLIST_KEY_UISupportedInterfaceOrientations_iPhone = "UIInterfaceOrientationPortrait UIInterfaceOrientationLandscapeLeft UIInterfaceOrientationLandscapeRight";
				LD_RUNPATH_SEARCH_PATHS = (
					"$(inherited)",
					"@executable_path/Frameworks",
				);
				MARKETING_VERSION = 1.0;
				PRODUCT_BUNDLE_IDENTIFIER = hello.PersonalityQuiz;
				PRODUCT_NAME = "$(TARGET_NAME)";
				SWIFT_EMIT_LOC_STRINGS = YES;
				SWIFT_VERSION = 5.0;
				TARGETED_DEVICE_FAMILY = "1,2";
			};
			name = Debug;
		};
		536D3D7C2C8997C800A34537 /* Release */ = {
			isa = XCBuildConfiguration;
			buildSettings = {
				ASSETCATALOG_COMPILER_APPICON_NAME = AppIcon;
				ASSETCATALOG_COMPILER_GLOBAL_ACCENT_COLOR_NAME = AccentColor;
				CODE_SIGN_STYLE = Automatic;
				CURRENT_PROJECT_VERSION = 1;
				GENERATE_INFOPLIST_FILE = YES;
				INFOPLIST_FILE = PersonalityQuiz/Info.plist;
				INFOPLIST_KEY_UIApplicationSupportsIndirectInputEvents = YES;
				INFOPLIST_KEY_UILaunchStoryboardName = LaunchScreen;
				INFOPLIST_KEY_UIMainStoryboardFile = Main;
				INFOPLIST_KEY_UISupportedInterfaceOrientations_iPad = "UIInterfaceOrientationPortrait UIInterfaceOrientationPortraitUpsideDown UIInterfaceOrientationLandscapeLeft UIInterfaceOrientationLandscapeRight";
				INFOPLIST_KEY_UISupportedInterfaceOrientations_iPhone = "UIInterfaceOrientationPortrait UIInterfaceOrientationLandscapeLeft UIInterfaceOrientationLandscapeRight";
				LD_RUNPATH_SEARCH_PATHS = (
					"$(inherited)",
					"@executable_path/Frameworks",
				);
				MARKETING_VERSION = 1.0;
				PRODUCT_BUNDLE_IDENTIFIER = hello.PersonalityQuiz;
				PRODUCT_NAME = "$(TARGET_NAME)";
				SWIFT_EMIT_LOC_STRINGS = YES;
				SWIFT_VERSION = 5.0;
				TARGETED_DEVICE_FAMILY = "1,2";
			};
			name = Release;
		};
		536D3D7E2C8997C800A34537 /* Debug */ = {
			isa = XCBuildConfiguration;
			buildSettings = {
				ALWAYS_EMBED_SWIFT_STANDARD_LIBRARIES = YES;
				BUNDLE_LOADER = "$(TEST_HOST)";
				CODE_SIGN_STYLE = Automatic;
				CURRENT_PROJECT_VERSION = 1;
				GENERATE_INFOPLIST_FILE = YES;
				IPHONEOS_DEPLOYMENT_TARGET = 17.5;
				MARKETING_VERSION = 1.0;
				PRODUCT_BUNDLE_IDENTIFIER = hello.PersonalityQuizTests;
				PRODUCT_NAME = "$(TARGET_NAME)";
				SWIFT_EMIT_LOC_STRINGS = NO;
				SWIFT_VERSION = 5.0;
				TARGETED_DEVICE_FAMILY = "1,2";
				TEST_HOST = "$(BUILT_PRODUCTS_DIR)/PersonalityQuiz.app/$(BUNDLE_EXECUTABLE_FOLDER_PATH)/PersonalityQuiz";
			};
			name = Debug;
		};
		536D3D7F2C8997C800A34537 /* Release */ = {
			isa = XCBuildConfiguration;
			buildSettings = {
				ALWAYS_EMBED_SWIFT_STANDARD_LIBRARIES = YES;
				BUNDLE_LOADER = "$(TEST_HOST)";
				CODE_SIGN_STYLE = Automatic;
				CURRENT_PROJECT_VERSION = 1;
				GENERATE_INFOPLIST_FILE = YES;
				IPHONEOS_DEPLOYMENT_TARGET = 17.5;
				MARKETING_VERSION = 1.0;
				PRODUCT_BUNDLE_IDENTIFIER = hello.PersonalityQuizTests;
				PRODUCT_NAME = "$(TARGET_NAME)";
				SWIFT_EMIT_LOC_STRINGS = NO;
				SWIFT_VERSION = 5.0;
				TARGETED_DEVICE_FAMILY = "1,2";
				TEST_HOST = "$(BUILT_PRODUCTS_DIR)/PersonalityQuiz.app/$(BUNDLE_EXECUTABLE_FOLDER_PATH)/PersonalityQuiz";
			};
			name = Release;
		};
		536D3D812C8997C800A34537 /* Debug */ = {
			isa = XCBuildConfiguration;
			buildSettings = {
				ALWAYS_EMBED_SWIFT_STANDARD_LIBRARIES = YES;
				CODE_SIGN_STYLE = Automatic;
				CURRENT_PROJECT_VERSION = 1;
				GENERATE_INFOPLIST_FILE = YES;
				MARKETING_VERSION = 1.0;
				PRODUCT_BUNDLE_IDENTIFIER = hello.PersonalityQuizUITests;
				PRODUCT_NAME = "$(TARGET_NAME)";
				SWIFT_EMIT_LOC_STRINGS = NO;
				SWIFT_VERSION = 5.0;
				TARGETED_DEVICE_FAMILY = "1,2";
				TEST_TARGET_NAME = PersonalityQuiz;
			};
			name = Debug;
		};
		536D3D822C8997C800A34537 /* Release */ = {
			isa = XCBuildConfiguration;
			buildSettings = {
				ALWAYS_EMBED_SWIFT_STANDARD_LIBRARIES = YES;
				CODE_SIGN_STYLE = Automatic;
				CURRENT_PROJECT_VERSION = 1;
				GENERATE_INFOPLIST_FILE = YES;
				MARKETING_VERSION = 1.0;
				PRODUCT_BUNDLE_IDENTIFIER = hello.PersonalityQuizUITests;
				PRODUCT_NAME = "$(TARGET_NAME)";
				SWIFT_EMIT_LOC_STRINGS = NO;
				SWIFT_VERSION = 5.0;
				TARGETED_DEVICE_FAMILY = "1,2";
				TEST_TARGET_NAME = PersonalityQuiz;
			};
			name = Release;
		};
/* End XCBuildConfiguration section */

/* Begin XCConfigurationList section */
		536D3D4B2C8997C700A34537 /* Build configuration list for PBXProject "PersonalityQuiz" */ = {
			isa = XCConfigurationList;
			buildConfigurations = (
				536D3D782C8997C800A34537 /* Debug */,
				536D3D792C8997C800A34537 /* Release */,
			);
			defaultConfigurationIsVisible = 0;
			defaultConfigurationName = Release;
		};
		536D3D7A2C8997C800A34537 /* Build configuration list for PBXNativeTarget "PersonalityQuiz" */ = {
			isa = XCConfigurationList;
			buildConfigurations = (
				536D3D7B2C8997C800A34537 /* Debug */,
				536D3D7C2C8997C800A34537 /* Release */,
			);
			defaultConfigurationIsVisible = 0;
			defaultConfigurationName = Release;
		};
		536D3D7D2C8997C800A34537 /* Build configuration list for PBXNativeTarget "PersonalityQuizTests" */ = {
			isa = XCConfigurationList;
			buildConfigurations = (
				536D3D7E2C8997C800A34537 /* Debug */,
				536D3D7F2C8997C800A34537 /* Release */,
			);
			defaultConfigurationIsVisible = 0;
			defaultConfigurationName = Release;
		};
		536D3D802C8997C800A34537 /* Build configuration list for PBXNativeTarget "PersonalityQuizUITests" */ = {
			isa = XCConfigurationList;
			buildConfigurations = (
				536D3D812C8997C800A34537 /* Debug */,
				536D3D822C8997C800A34537 /* Release */,
			);
			defaultConfigurationIsVisible = 0;
			defaultConfigurationName = Release;
		};
/* End XCConfigurationList section */
	};
	rootObject = 536D3D482C8997C700A34537 /* Project object */;
}
